// !$*UTF8*$!
{
	archiveVersion = 1;
	classes = {
	};
	objectVersion = 46;
	objects = {

/* Begin PBXBuildFile section */
		1BF539C21C03AC5E00948C4C /* AppDelegate.swift in Sources */ = {isa = PBXBuildFile; fileRef = 1BF539C11C03AC5E00948C4C /* AppDelegate.swift */; };
		1BF539C41C03AC5E00948C4C /* ViewController.swift in Sources */ = {isa = PBXBuildFile; fileRef = 1BF539C31C03AC5E00948C4C /* ViewController.swift */; };
		1BF539C91C03AC5E00948C4C /* Assets.xcassets in Resources */ = {isa = PBXBuildFile; fileRef = 1BF539C81C03AC5E00948C4C /* Assets.xcassets */; };
		1BF539D61C03AE0800948C4C /* Main.storyboard in Resources */ = {isa = PBXBuildFile; fileRef = 1BF539D51C03AE0800948C4C /* Main.storyboard */; settings = {ASSET_TAGS = (); }; };
		1BF539D81C03AE1400948C4C /* LaunchScreen.storyboard in Resources */ = {isa = PBXBuildFile; fileRef = 1BF539D71C03AE1400948C4C /* LaunchScreen.storyboard */; settings = {ASSET_TAGS = (); }; };
/* End PBXBuildFile section */

/* Begin PBXFileReference section */
		1BF539BE1C03AC5D00948C4C /* Randtappd.app */ = {isa = PBXFileReference; explicitFileType = wrapper.application; includeInIndex = 0; path = Randtappd.app; sourceTree = BUILT_PRODUCTS_DIR; };
		1BF539C11C03AC5E00948C4C /* AppDelegate.swift */ = {isa = PBXFileReference; lastKnownFileType = sourcecode.swift; path = AppDelegate.swift; sourceTree = "<group>"; };
		1BF539C31C03AC5E00948C4C /* ViewController.swift */ = {isa = PBXFileReference; lastKnownFileType = sourcecode.swift; path = ViewController.swift; sourceTree = "<group>"; };
		1BF539C81C03AC5E00948C4C /* Assets.xcassets */ = {isa = PBXFileReference; lastKnownFileType = folder.assetcatalog; path = Assets.xcassets; sourceTree = "<group>"; };
		1BF539CD1C03AC5E00948C4C /* Info.plist */ = {isa = PBXFileReference; lastKnownFileType = text.plist.xml; path = Info.plist; sourceTree = "<group>"; };
		1BF539D51C03AE0800948C4C /* Main.storyboard */ = {isa = PBXFileReference; fileEncoding = 4; lastKnownFileType = file.storyboard; path = Main.storyboard; sourceTree = "<group>"; };
		1BF539D71C03AE1400948C4C /* LaunchScreen.storyboard */ = {isa = PBXFileReference; fileEncoding = 4; lastKnownFileType = file.storyboard; path = LaunchScreen.storyboard; sourceTree = "<group>"; };
/* End PBXFileReference section */

/* Begin PBXFrameworksBuildPhase section */
		1BF539BB1C03AC5D00948C4C /* Frameworks */ = {
			isa = PBXFrameworksBuildPhase;
			buildActionMask = 2147483647;
			files = (
			);
			runOnlyForDeploymentPostprocessing = 0;
		};
/* End PBXFrameworksBuildPhase section */

/* Begin PBXGroup section */
		1BF539B51C03AC5D00948C4C = {
			isa = PBXGroup;
			children = (
				1BF539C01C03AC5E00948C4C /* Randtappd */,
				1BF539BF1C03AC5D00948C4C /* Products */,
			);
			sourceTree = "<group>";
		};
		1BF539BF1C03AC5D00948C4C /* Products */ = {
			isa = PBXGroup;
			children = (
				1BF539BE1C03AC5D00948C4C /* Randtappd.app */,
			);
			name = Products;
			sourceTree = "<group>";
		};
		1BF539C01C03AC5E00948C4C /* Randtappd */ = {
			isa = PBXGroup;
			children = (
				1BF539D31C03AD9900948C4C /* Frontend */,
				1BF539D91C03AE3600948C4C /* Resources */,
				1BF539DA1C03AF0500948C4C /* Supporting Files */,
				1BF539C11C03AC5E00948C4C /* AppDelegate.swift */,
			);
			path = Randtappd;
			sourceTree = "<group>";
		};
		1BF539D31C03AD9900948C4C /* Frontend */ = {
			isa = PBXGroup;
			children = (
				1BF539C31C03AC5E00948C4C /* ViewController.swift */,
			);
			path = Frontend;
			sourceTree = "<group>";
		};
		1BF539D91C03AE3600948C4C /* Resources */ = {
			isa = PBXGroup;
			children = (
				1BF539D71C03AE1400948C4C /* LaunchScreen.storyboard */,
				1BF539D51C03AE0800948C4C /* Main.storyboard */,
				1BF539C81C03AC5E00948C4C /* Assets.xcassets */,
			);
			path = Resources;
			sourceTree = "<group>";
		};
		1BF539DA1C03AF0500948C4C /* Supporting Files */ = {
			isa = PBXGroup;
			children = (
				1BF539CD1C03AC5E00948C4C /* Info.plist */,
			);
			path = "Supporting Files";
			sourceTree = "<group>";
		};
/* End PBXGroup section */

/* Begin PBXNativeTarget section */
		1BF539BD1C03AC5D00948C4C /* Randtappd */ = {
			isa = PBXNativeTarget;
			buildConfigurationList = 1BF539D01C03AC5E00948C4C /* Build configuration list for PBXNativeTarget "Randtappd" */;
			buildPhases = (
				1BF539BA1C03AC5D00948C4C /* Sources */,
				1BF539BB1C03AC5D00948C4C /* Frameworks */,
				1BF539BC1C03AC5D00948C4C /* Resources */,
			);
			buildRules = (
			);
			dependencies = (
			);
			name = Randtappd;
			productName = Randtapped;
			productReference = 1BF539BE1C03AC5D00948C4C /* Randtappd.app */;
			productType = "com.apple.product-type.application";
		};
/* End PBXNativeTarget section */

/* Begin PBXProject section */
		1BF539B61C03AC5D00948C4C /* Project object */ = {
			isa = PBXProject;
			attributes = {
				LastUpgradeCheck = 0700;
				ORGANIZATIONNAME = Codeshaped;
				TargetAttributes = {
					1BF539BD1C03AC5D00948C4C = {
						CreatedOnToolsVersion = 7.0.1;
					};
				};
			};
			buildConfigurationList = 1BF539B91C03AC5D00948C4C /* Build configuration list for PBXProject "Randtappd" */;
			compatibilityVersion = "Xcode 3.2";
			developmentRegion = English;
			hasScannedForEncodings = 0;
			knownRegions = (
				en,
				Base,
			);
			mainGroup = 1BF539B51C03AC5D00948C4C;
			productRefGroup = 1BF539BF1C03AC5D00948C4C /* Products */;
			projectDirPath = "";
			projectRoot = "";
			targets = (
				1BF539BD1C03AC5D00948C4C /* Randtappd */,
			);
		};
/* End PBXProject section */

/* Begin PBXResourcesBuildPhase section */
		1BF539BC1C03AC5D00948C4C /* Resources */ = {
			isa = PBXResourcesBuildPhase;
			buildActionMask = 2147483647;
			files = (
				1BF539D81C03AE1400948C4C /* LaunchScreen.storyboard in Resources */,
				1BF539C91C03AC5E00948C4C /* Assets.xcassets in Resources */,
				1BF539D61C03AE0800948C4C /* Main.storyboard in Resources */,
			);
			runOnlyForDeploymentPostprocessing = 0;
		};
/* End PBXResourcesBuildPhase section */

/* Begin PBXSourcesBuildPhase section */
		1BF539BA1C03AC5D00948C4C /* Sources */ = {
			isa = PBXSourcesBuildPhase;
			buildActionMask = 2147483647;
			files = (
				1BF539C41C03AC5E00948C4C /* ViewController.swift in Sources */,
				1BF539C21C03AC5E00948C4C /* AppDelegate.swift in Sources */,
			);
			runOnlyForDeploymentPostprocessing = 0;
		};
/* End PBXSourcesBuildPhase section */

/* Begin XCBuildConfiguration section */
		1BF539CE1C03AC5E00948C4C /* Debug */ = {
			isa = XCBuildConfiguration;
			buildSettings = {
				ALWAYS_SEARCH_USER_PATHS = NO;
				CLANG_CXX_LANGUAGE_STANDARD = "gnu++0x";
				CLANG_CXX_LIBRARY = "libc++";
				CLANG_ENABLE_MODULES = YES;
				CLANG_ENABLE_OBJC_ARC = YES;
				CLANG_WARN_BOOL_CONVERSION = YES;
				CLANG_WARN_CONSTANT_CONVERSION = YES;
				CLANG_WARN_DIRECT_OBJC_ISA_USAGE = YES_ERROR;
				CLANG_WARN_EMPTY_BODY = YES;
				CLANG_WARN_ENUM_CONVERSION = YES;
				CLANG_WARN_INT_CONVERSION = YES;
				CLANG_WARN_OBJC_ROOT_CLASS = YES_ERROR;
				CLANG_WARN_UNREACHABLE_CODE = YES;
				CLANG_WARN__DUPLICATE_METHOD_MATCH = YES;
				"CODE_SIGN_IDENTITY[sdk=iphoneos*]" = "iPhone Developer";
				COPY_PHASE_STRIP = NO;
				DEBUG_INFORMATION_FORMAT = dwarf;
				ENABLE_STRICT_OBJC_MSGSEND = YES;
				ENABLE_TESTABILITY = YES;
				GCC_C_LANGUAGE_STANDARD = gnu99;
				GCC_DYNAMIC_NO_PIC = NO;
				GCC_NO_COMMON_BLOCKS = YES;
				GCC_OPTIMIZATION_LEVEL = 0;
				GCC_PREPROCESSOR_DEFINITIONS = (
					"DEBUG=1",
					"$(inherited)",
				);
				GCC_WARN_64_TO_32_BIT_CONVERSION = YES;
				GCC_WARN_ABOUT_RETURN_TYPE = YES_ERROR;
				GCC_WARN_UNDECLARED_SELECTOR = YES;
				GCC_WARN_UNINITIALIZED_AUTOS = YES_AGGRESSIVE;
				GCC_WARN_UNUSED_FUNCTION = YES;
				GCC_WARN_UNUSED_VARIABLE = YES;
				IPHONEOS_DEPLOYMENT_TARGET = 8.0;
				MTL_ENABLE_DEBUG_INFO = YES;
				ONLY_ACTIVE_ARCH = YES;
				SDKROOT = iphoneos;
				SWIFT_OPTIMIZATION_LEVEL = "-Onone";
			};
			name = Debug;
		};
		1BF539CF1C03AC5E00948C4C /* Release */ = {
			isa = XCBuildConfiguration;
			buildSettings = {
				ALWAYS_SEARCH_USER_PATHS = NO;
				CLANG_CXX_LANGUAGE_STANDARD = "gnu++0x";
				CLANG_CXX_LIBRARY = "libc++";
				CLANG_ENABLE_MODULES = YES;
				CLANG_ENABLE_OBJC_ARC = YES;
				CLANG_WARN_BOOL_CONVERSION = YES;
				CLANG_WARN_CONSTANT_CONVERSION = YES;
				CLANG_WARN_DIRECT_OBJC_ISA_USAGE = YES_ERROR;
				CLANG_WARN_EMPTY_BODY = YES;
				CLANG_WARN_ENUM_CONVERSION = YES;
				CLANG_WARN_INT_CONVERSION = YES;
				CLANG_WARN_OBJC_ROOT_CLASS = YES_ERROR;
				CLANG_WARN_UNREACHABLE_CODE = YES;
				CLANG_WARN__DUPLICATE_METHOD_MATCH = YES;
				"CODE_SIGN_IDENTITY[sdk=iphoneos*]" = "iPhone Developer";
				COPY_PHASE_STRIP = NO;
				DEBUG_INFORMATION_FORMAT = "dwarf-with-dsym";
				ENABLE_NS_ASSERTIONS = NO;
				ENABLE_STRICT_OBJC_MSGSEND = YES;
				GCC_C_LANGUAGE_STANDARD = gnu99;
				GCC_NO_COMMON_BLOCKS = YES;
				GCC_WARN_64_TO_32_BIT_CONVERSION = YES;
				GCC_WARN_ABOUT_RETURN_TYPE = YES_ERROR;
				GCC_WARN_UNDECLARED_SELECTOR = YES;
				GCC_WARN_UNINITIALIZED_AUTOS = YES_AGGRESSIVE;
				GCC_WARN_UNUSED_FUNCTION = YES;
				GCC_WARN_UNUSED_VARIABLE = YES;
				IPHONEOS_DEPLOYMENT_TARGET = 8.0;
				MTL_ENABLE_DEBUG_INFO = NO;
				SDKROOT = iphoneos;
				VALIDATE_PRODUCT = YES;
			};
			name = Release;
		};
		1BF539D11C03AC5E00948C4C /* Debug */ = {
			isa = XCBuildConfiguration;
			buildSettings = {
				ASSETCATALOG_COMPILER_APPICON_NAME = AppIcon;
				INFOPLIST_FILE = "Randtappd/Supporting Files/Info.plist";
				LD_RUNPATH_SEARCH_PATHS = "$(inherited) @executable_path/Frameworks";
				PRODUCT_BUNDLE_IDENTIFIER = com.codeshaped.Randtapped;
				PRODUCT_NAME = Randtappd;
			};
			name = Debug;
		};
		1BF539D21C03AC5E00948C4C /* Release */ = {
			isa = XCBuildConfiguration;
			buildSettings = {
				ASSETCATALOG_COMPILER_APPICON_NAME = AppIcon;
				INFOPLIST_FILE = "Randtappd/Supporting Files/Info.plist";
				LD_RUNPATH_SEARCH_PATHS = "$(inherited) @executable_path/Frameworks";
				PRODUCT_BUNDLE_IDENTIFIER = com.codeshaped.Randtapped;
				PRODUCT_NAME = Randtappd;
			};
			name = Release;
		};
/* End XCBuildConfiguration section */

/* Begin XCConfigurationList section */
		1BF539B91C03AC5D00948C4C /* Build configuration list for PBXProject "Randtappd" */ = {
			isa = XCConfigurationList;
			buildConfigurations = (
				1BF539CE1C03AC5E00948C4C /* Debug */,
				1BF539CF1C03AC5E00948C4C /* Release */,
			);
			defaultConfigurationIsVisible = 0;
			defaultConfigurationName = Release;
		};
		1BF539D01C03AC5E00948C4C /* Build configuration list for PBXNativeTarget "Randtappd" */ = {
			isa = XCConfigurationList;
			buildConfigurations = (
				1BF539D11C03AC5E00948C4C /* Debug */,
				1BF539D21C03AC5E00948C4C /* Release */,
			);
			defaultConfigurationIsVisible = 0;
			defaultConfigurationName = Release;
		};
/* End XCConfigurationList section */
	};
	rootObject = 1BF539B61C03AC5D00948C4C /* Project object */;
}
